
Microsoft Visual Studio Solution File, Format Version 12.00
# Visual Studio 15
VisualStudioVersion = 15.0.27428.2005
MinimumVisualStudioVersion = 10.0.40219.1
Project("{9A19103F-16F7-4668-BE54-9A1E7A4F7556}") = "CriminalDB", "CriminalDB\CriminalDB.csproj", "{33A63943-417B-464F-8B98-954F1D706DD1}"
EndProject
Project("{FAE04EC0-301F-11D3-BF4B-00C04F79EFBC}") = "CriminalDBTests", "CriminalDBTests\CriminalDBTests.csproj", "{E69D560E-EE59-40CA-8A7F-B5CD5F6361EE}"
EndProject
Global
	GlobalSection(SolutionConfigurationPlatforms) = preSolution
		Debug|Any CPU = Debug|Any CPU
		Release|Any CPU = Release|Any CPU
	EndGlobalSection
	GlobalSection(ProjectConfigurationPlatforms) = postSolution
		{33A63943-417B-464F-8B98-954F1D706DD1}.Debug|Any CPU.ActiveCfg = Debug|Any CPU
		{33A63943-417B-464F-8B98-954F1D706DD1}.Debug|Any CPU.Build.0 = Debug|Any CPU
		{33A63943-417B-464F-8B98-954F1D706DD1}.Release|Any CPU.ActiveCfg = Release|Any CPU
		{33A63943-417B-464F-8B98-954F1D706DD1}.Release|Any CPU.Build.0 = Release|Any CPU
		{E69D560E-EE59-40CA-8A7F-B5CD5F6361EE}.Debug|Any CPU.ActiveCfg = Debug|Any CPU
		{E69D560E-EE59-40CA-8A7F-B5CD5F6361EE}.Debug|Any CPU.Build.0 = Debug|Any CPU
		{E69D560E-EE59-40CA-8A7F-B5CD5F6361EE}.Release|Any CPU.ActiveCfg = Release|Any CPU
		{E69D560E-EE59-40CA-8A7F-B5CD5F6361EE}.Release|Any CPU.Build.0 = Release|Any CPU
	EndGlobalSection
	GlobalSection(SolutionProperties) = preSolution
		HideSolutionNode = FALSE
	EndGlobalSection
	GlobalSection(ExtensibilityGlobals) = postSolution
		SolutionGuid = {9FC08C98-CFE3-43B3-85EC-F14151BE7714}
	EndGlobalSection
EndGlobal
